// !$*UTF8*$!
{
	archiveVersion = 1;
	classes = {
	};
	objectVersion = 51;
	objects = {

/* Begin PBXBuildFile section */
		31382E702D0C4C4BFAB35CF2 /* libPods-PlanRadar-Task.a in Frameworks */ = {isa = PBXBuildFile; fileRef = 5EBCEB3E9BB6E23AA9933A24 /* libPods-PlanRadar-Task.a */; };
		A221E47DA8AFA991B7530424 /* libPods-PlanRadar-TaskTests.a in Frameworks */ = {isa = PBXBuildFile; fileRef = 370E6CCD9D1383D070B0D62A /* libPods-PlanRadar-TaskTests.a */; };
		C793C3F626A32557008DAAB8 /* RootRouter.swift in Sources */ = {isa = PBXBuildFile; fileRef = C793C3F526A32557008DAAB8 /* RootRouter.swift */; };
		C793C3FB26A33445008DAAB8 /* APIClient.m in Sources */ = {isa = PBXBuildFile; fileRef = C793C3FA26A33445008DAAB8 /* APIClient.m */; };
		C793C3FF26A36C17008DAAB8 /* Request.swift in Sources */ = {isa = PBXBuildFile; fileRef = C793C3FE26A36C17008DAAB8 /* Request.swift */; };
		C793C40226A384E7008DAAB8 /* CitiesRequest.swift in Sources */ = {isa = PBXBuildFile; fileRef = C793C40126A384E7008DAAB8 /* CitiesRequest.swift */; };
		C79E6A4026A3AF0300A1A994 /* WeatherResponse.swift in Sources */ = {isa = PBXBuildFile; fileRef = C79E6A3F26A3AF0300A1A994 /* WeatherResponse.swift */; };
		C79E6A4226A3AF1300A1A994 /* Weather.swift in Sources */ = {isa = PBXBuildFile; fileRef = C79E6A4126A3AF1300A1A994 /* Weather.swift */; };
		C79E6A4426A3AF1D00A1A994 /* Main.swift in Sources */ = {isa = PBXBuildFile; fileRef = C79E6A4326A3AF1D00A1A994 /* Main.swift */; };
		C79E6A4626A3AF2600A1A994 /* Wind.swift in Sources */ = {isa = PBXBuildFile; fileRef = C79E6A4526A3AF2600A1A994 /* Wind.swift */; };
		C79E6A4A26A46C5F00A1A994 /* CityTableViewCell.swift in Sources */ = {isa = PBXBuildFile; fileRef = C79E6A4826A46C5E00A1A994 /* CityTableViewCell.swift */; };
		C79E6A4B26A46C5F00A1A994 /* CityTableViewCell.xib in Resources */ = {isa = PBXBuildFile; fileRef = C79E6A4926A46C5E00A1A994 /* CityTableViewCell.xib */; };
		C79E6A4E26AC370A00A1A994 /* LoadingIndicator.swift in Sources */ = {isa = PBXBuildFile; fileRef = C79E6A4D26AC370A00A1A994 /* LoadingIndicator.swift */; };
		C7B3D1DE26AC501500E1C70A /* CitiesListViewModelTest.swift in Sources */ = {isa = PBXBuildFile; fileRef = C7B3D1DD26AC501500E1C70A /* CitiesListViewModelTest.swift */; };
		C7B3D1E126AC52A200E1C70A /* CitiesRepositoryMock.swift in Sources */ = {isa = PBXBuildFile; fileRef = C7B3D1E026AC52A200E1C70A /* CitiesRepositoryMock.swift */; };
		C7DD62E626A1E33700ACA3A8 /* AppDelegate.swift in Sources */ = {isa = PBXBuildFile; fileRef = C7DD62E526A1E33700ACA3A8 /* AppDelegate.swift */; };
		C7DD62EA26A1E33700ACA3A8 /* ViewController.swift in Sources */ = {isa = PBXBuildFile; fileRef = C7DD62E926A1E33700ACA3A8 /* ViewController.swift */; };
		C7DD62ED26A1E33700ACA3A8 /* Main.storyboard in Resources */ = {isa = PBXBuildFile; fileRef = C7DD62EB26A1E33700ACA3A8 /* Main.storyboard */; };
		C7DD62EF26A1E33900ACA3A8 /* Assets.xcassets in Resources */ = {isa = PBXBuildFile; fileRef = C7DD62EE26A1E33900ACA3A8 /* Assets.xcassets */; };
		C7DD62F226A1E33900ACA3A8 /* LaunchScreen.storyboard in Resources */ = {isa = PBXBuildFile; fileRef = C7DD62F026A1E33900ACA3A8 /* LaunchScreen.storyboard */; };
		C7DD62FD26A1E33900ACA3A8 /* PlanRadar_TaskTests.swift in Sources */ = {isa = PBXBuildFile; fileRef = C7DD62FC26A1E33900ACA3A8 /* PlanRadar_TaskTests.swift */; };
		C7DD630826A1E33900ACA3A8 /* PlanRadar_TaskUITests.swift in Sources */ = {isa = PBXBuildFile; fileRef = C7DD630726A1E33900ACA3A8 /* PlanRadar_TaskUITests.swift */; };
		C7DD631E26A2256100ACA3A8 /* CitiesRouter.swift in Sources */ = {isa = PBXBuildFile; fileRef = C7DD631D26A2256100ACA3A8 /* CitiesRouter.swift */; };
		C7DD632026A2257100ACA3A8 /* CitiesConfigurator.swift in Sources */ = {isa = PBXBuildFile; fileRef = C7DD631F26A2257100ACA3A8 /* CitiesConfigurator.swift */; };
		C7DD632626A226E100ACA3A8 /* Configurator.swift in Sources */ = {isa = PBXBuildFile; fileRef = C7DD632526A226E100ACA3A8 /* Configurator.swift */; };
		C7DD632826A226EA00ACA3A8 /* Router.swift in Sources */ = {isa = PBXBuildFile; fileRef = C7DD632726A226EA00ACA3A8 /* Router.swift */; };
		C7DD632B26A2274600ACA3A8 /* NavigationRoute.swift in Sources */ = {isa = PBXBuildFile; fileRef = C7DD632A26A2274600ACA3A8 /* NavigationRoute.swift */; };
		C7DD633C26A2316600ACA3A8 /* CityDetailsViewController.swift in Sources */ = {isa = PBXBuildFile; fileRef = C7DD633A26A2316600ACA3A8 /* CityDetailsViewController.swift */; };
		C7DD633D26A2316600ACA3A8 /* CityDetailsViewController.xib in Resources */ = {isa = PBXBuildFile; fileRef = C7DD633B26A2316600ACA3A8 /* CityDetailsViewController.xib */; };
		C7DD634026A231DB00ACA3A8 /* CitiesListViewModel.swift in Sources */ = {isa = PBXBuildFile; fileRef = C7DD633F26A231DB00ACA3A8 /* CitiesListViewModel.swift */; };
		C7DD634326A231FB00ACA3A8 /* CityDetailsViewModel.swift in Sources */ = {isa = PBXBuildFile; fileRef = C7DD634226A231FB00ACA3A8 /* CityDetailsViewModel.swift */; };
		C7DD634626A2428400ACA3A8 /* CitiesRepository.swift in Sources */ = {isa = PBXBuildFile; fileRef = C7DD634526A2428400ACA3A8 /* CitiesRepository.swift */; };
		C7DD634926A244E700ACA3A8 /* CitiesListViewController.swift in Sources */ = {isa = PBXBuildFile; fileRef = C7DD634726A244E700ACA3A8 /* CitiesListViewController.swift */; };
		C7DD634A26A244E700ACA3A8 /* CitiesListViewController.xib in Resources */ = {isa = PBXBuildFile; fileRef = C7DD634826A244E700ACA3A8 /* CitiesListViewController.xib */; };
		C7DD634D26A249B700ACA3A8 /* ViewLifeCycleProtocol.swift in Sources */ = {isa = PBXBuildFile; fileRef = C7DD634C26A249B700ACA3A8 /* ViewLifeCycleProtocol.swift */; };
/* End PBXBuildFile section */

/* Begin PBXContainerItemProxy section */
		C7DD62F926A1E33900ACA3A8 /* PBXContainerItemProxy */ = {
			isa = PBXContainerItemProxy;
			containerPortal = C7DD62DA26A1E33700ACA3A8 /* Project object */;
			proxyType = 1;
			remoteGlobalIDString = C7DD62E126A1E33700ACA3A8;
			remoteInfo = "PlanRadar-Task";
		};
		C7DD630426A1E33900ACA3A8 /* PBXContainerItemProxy */ = {
			isa = PBXContainerItemProxy;
			containerPortal = C7DD62DA26A1E33700ACA3A8 /* Project object */;
			proxyType = 1;
			remoteGlobalIDString = C7DD62E126A1E33700ACA3A8;
			remoteInfo = "PlanRadar-Task";
		};
/* End PBXContainerItemProxy section */

/* Begin PBXFileReference section */
		1C3ABF436BCF6B50E68C9006 /* Pods-PlanRadar-Task.release.xcconfig */ = {isa = PBXFileReference; includeInIndex = 1; lastKnownFileType = text.xcconfig; name = "Pods-PlanRadar-Task.release.xcconfig"; path = "Target Support Files/Pods-PlanRadar-Task/Pods-PlanRadar-Task.release.xcconfig"; sourceTree = "<group>"; };
		370E6CCD9D1383D070B0D62A /* libPods-PlanRadar-TaskTests.a */ = {isa = PBXFileReference; explicitFileType = archive.ar; includeInIndex = 0; path = "libPods-PlanRadar-TaskTests.a"; sourceTree = BUILT_PRODUCTS_DIR; };
		5EBCEB3E9BB6E23AA9933A24 /* libPods-PlanRadar-Task.a */ = {isa = PBXFileReference; explicitFileType = archive.ar; includeInIndex = 0; path = "libPods-PlanRadar-Task.a"; sourceTree = BUILT_PRODUCTS_DIR; };
		66F29FC28504842849A4BCCE /* Pods-PlanRadar-TaskTests.release.xcconfig */ = {isa = PBXFileReference; includeInIndex = 1; lastKnownFileType = text.xcconfig; name = "Pods-PlanRadar-TaskTests.release.xcconfig"; path = "Target Support Files/Pods-PlanRadar-TaskTests/Pods-PlanRadar-TaskTests.release.xcconfig"; sourceTree = "<group>"; };
		722B7ED9BFEA9EAEB2B4FA10 /* Pods-PlanRadar-TaskTests.debug.xcconfig */ = {isa = PBXFileReference; includeInIndex = 1; lastKnownFileType = text.xcconfig; name = "Pods-PlanRadar-TaskTests.debug.xcconfig"; path = "Target Support Files/Pods-PlanRadar-TaskTests/Pods-PlanRadar-TaskTests.debug.xcconfig"; sourceTree = "<group>"; };
		969753BA5C5081ABDA5179BC /* Pods-PlanRadar-Task.debug.xcconfig */ = {isa = PBXFileReference; includeInIndex = 1; lastKnownFileType = text.xcconfig; name = "Pods-PlanRadar-Task.debug.xcconfig"; path = "Target Support Files/Pods-PlanRadar-Task/Pods-PlanRadar-Task.debug.xcconfig"; sourceTree = "<group>"; };
		C793C3F526A32557008DAAB8 /* RootRouter.swift */ = {isa = PBXFileReference; lastKnownFileType = sourcecode.swift; path = RootRouter.swift; sourceTree = "<group>"; };
		C793C3F826A33445008DAAB8 /* PlanRadar-Task-Bridging-Header.h */ = {isa = PBXFileReference; lastKnownFileType = sourcecode.c.h; path = "PlanRadar-Task-Bridging-Header.h"; sourceTree = "<group>"; };
		C793C3F926A33445008DAAB8 /* APIClient.h */ = {isa = PBXFileReference; lastKnownFileType = sourcecode.c.h; path = APIClient.h; sourceTree = "<group>"; };
		C793C3FA26A33445008DAAB8 /* APIClient.m */ = {isa = PBXFileReference; lastKnownFileType = sourcecode.c.objc; path = APIClient.m; sourceTree = "<group>"; };
		C793C3FE26A36C17008DAAB8 /* Request.swift */ = {isa = PBXFileReference; lastKnownFileType = sourcecode.swift; path = Request.swift; sourceTree = "<group>"; };
		C793C40126A384E7008DAAB8 /* CitiesRequest.swift */ = {isa = PBXFileReference; lastKnownFileType = sourcecode.swift; path = CitiesRequest.swift; sourceTree = "<group>"; };
		C79E6A3F26A3AF0300A1A994 /* WeatherResponse.swift */ = {isa = PBXFileReference; lastKnownFileType = sourcecode.swift; path = WeatherResponse.swift; sourceTree = "<group>"; };
		C79E6A4126A3AF1300A1A994 /* Weather.swift */ = {isa = PBXFileReference; lastKnownFileType = sourcecode.swift; path = Weather.swift; sourceTree = "<group>"; };
		C79E6A4326A3AF1D00A1A994 /* Main.swift */ = {isa = PBXFileReference; lastKnownFileType = sourcecode.swift; path = Main.swift; sourceTree = "<group>"; };
		C79E6A4526A3AF2600A1A994 /* Wind.swift */ = {isa = PBXFileReference; lastKnownFileType = sourcecode.swift; path = Wind.swift; sourceTree = "<group>"; };
		C79E6A4826A46C5E00A1A994 /* CityTableViewCell.swift */ = {isa = PBXFileReference; lastKnownFileType = sourcecode.swift; path = CityTableViewCell.swift; sourceTree = "<group>"; };
		C79E6A4926A46C5E00A1A994 /* CityTableViewCell.xib */ = {isa = PBXFileReference; lastKnownFileType = file.xib; path = CityTableViewCell.xib; sourceTree = "<group>"; };
		C79E6A4D26AC370A00A1A994 /* LoadingIndicator.swift */ = {isa = PBXFileReference; lastKnownFileType = sourcecode.swift; path = LoadingIndicator.swift; sourceTree = "<group>"; };
		C7B3D1DD26AC501500E1C70A /* CitiesListViewModelTest.swift */ = {isa = PBXFileReference; lastKnownFileType = sourcecode.swift; path = CitiesListViewModelTest.swift; sourceTree = "<group>"; };
		C7B3D1E026AC52A200E1C70A /* CitiesRepositoryMock.swift */ = {isa = PBXFileReference; lastKnownFileType = sourcecode.swift; path = CitiesRepositoryMock.swift; sourceTree = "<group>"; };
		C7DD62E226A1E33700ACA3A8 /* PlanRadar-Task.app */ = {isa = PBXFileReference; explicitFileType = wrapper.application; includeInIndex = 0; path = "PlanRadar-Task.app"; sourceTree = BUILT_PRODUCTS_DIR; };
		C7DD62E526A1E33700ACA3A8 /* AppDelegate.swift */ = {isa = PBXFileReference; lastKnownFileType = sourcecode.swift; path = AppDelegate.swift; sourceTree = "<group>"; };
		C7DD62E926A1E33700ACA3A8 /* ViewController.swift */ = {isa = PBXFileReference; lastKnownFileType = sourcecode.swift; path = ViewController.swift; sourceTree = "<group>"; };
		C7DD62EC26A1E33700ACA3A8 /* Base */ = {isa = PBXFileReference; lastKnownFileType = file.storyboard; name = Base; path = Base.lproj/Main.storyboard; sourceTree = "<group>"; };
		C7DD62EE26A1E33900ACA3A8 /* Assets.xcassets */ = {isa = PBXFileReference; lastKnownFileType = folder.assetcatalog; path = Assets.xcassets; sourceTree = "<group>"; };
		C7DD62F126A1E33900ACA3A8 /* Base */ = {isa = PBXFileReference; lastKnownFileType = file.storyboard; name = Base; path = Base.lproj/LaunchScreen.storyboard; sourceTree = "<group>"; };
		C7DD62F326A1E33900ACA3A8 /* Info.plist */ = {isa = PBXFileReference; lastKnownFileType = text.plist.xml; path = Info.plist; sourceTree = "<group>"; };
		C7DD62F826A1E33900ACA3A8 /* PlanRadar-TaskTests.xctest */ = {isa = PBXFileReference; explicitFileType = wrapper.cfbundle; includeInIndex = 0; path = "PlanRadar-TaskTests.xctest"; sourceTree = BUILT_PRODUCTS_DIR; };
		C7DD62FC26A1E33900ACA3A8 /* PlanRadar_TaskTests.swift */ = {isa = PBXFileReference; lastKnownFileType = sourcecode.swift; path = PlanRadar_TaskTests.swift; sourceTree = "<group>"; };
		C7DD62FE26A1E33900ACA3A8 /* Info.plist */ = {isa = PBXFileReference; lastKnownFileType = text.plist.xml; path = Info.plist; sourceTree = "<group>"; };
		C7DD630326A1E33900ACA3A8 /* PlanRadar-TaskUITests.xctest */ = {isa = PBXFileReference; explicitFileType = wrapper.cfbundle; includeInIndex = 0; path = "PlanRadar-TaskUITests.xctest"; sourceTree = BUILT_PRODUCTS_DIR; };
		C7DD630726A1E33900ACA3A8 /* PlanRadar_TaskUITests.swift */ = {isa = PBXFileReference; lastKnownFileType = sourcecode.swift; path = PlanRadar_TaskUITests.swift; sourceTree = "<group>"; };
		C7DD630926A1E33900ACA3A8 /* Info.plist */ = {isa = PBXFileReference; lastKnownFileType = text.plist.xml; path = Info.plist; sourceTree = "<group>"; };
		C7DD631D26A2256100ACA3A8 /* CitiesRouter.swift */ = {isa = PBXFileReference; lastKnownFileType = sourcecode.swift; path = CitiesRouter.swift; sourceTree = "<group>"; };
		C7DD631F26A2257100ACA3A8 /* CitiesConfigurator.swift */ = {isa = PBXFileReference; lastKnownFileType = sourcecode.swift; path = CitiesConfigurator.swift; sourceTree = "<group>"; };
		C7DD632526A226E100ACA3A8 /* Configurator.swift */ = {isa = PBXFileReference; lastKnownFileType = sourcecode.swift; path = Configurator.swift; sourceTree = "<group>"; };
		C7DD632726A226EA00ACA3A8 /* Router.swift */ = {isa = PBXFileReference; lastKnownFileType = sourcecode.swift; path = Router.swift; sourceTree = "<group>"; };
		C7DD632A26A2274600ACA3A8 /* NavigationRoute.swift */ = {isa = PBXFileReference; lastKnownFileType = sourcecode.swift; path = NavigationRoute.swift; sourceTree = "<group>"; };
		C7DD633A26A2316600ACA3A8 /* CityDetailsViewController.swift */ = {isa = PBXFileReference; lastKnownFileType = sourcecode.swift; path = CityDetailsViewController.swift; sourceTree = "<group>"; };
		C7DD633B26A2316600ACA3A8 /* CityDetailsViewController.xib */ = {isa = PBXFileReference; lastKnownFileType = file.xib; path = CityDetailsViewController.xib; sourceTree = "<group>"; };
		C7DD633F26A231DB00ACA3A8 /* CitiesListViewModel.swift */ = {isa = PBXFileReference; lastKnownFileType = sourcecode.swift; path = CitiesListViewModel.swift; sourceTree = "<group>"; };
		C7DD634226A231FB00ACA3A8 /* CityDetailsViewModel.swift */ = {isa = PBXFileReference; lastKnownFileType = sourcecode.swift; path = CityDetailsViewModel.swift; sourceTree = "<group>"; };
		C7DD634526A2428400ACA3A8 /* CitiesRepository.swift */ = {isa = PBXFileReference; lastKnownFileType = sourcecode.swift; path = CitiesRepository.swift; sourceTree = "<group>"; };
		C7DD634726A244E700ACA3A8 /* CitiesListViewController.swift */ = {isa = PBXFileReference; lastKnownFileType = sourcecode.swift; path = CitiesListViewController.swift; sourceTree = "<group>"; };
		C7DD634826A244E700ACA3A8 /* CitiesListViewController.xib */ = {isa = PBXFileReference; lastKnownFileType = file.xib; path = CitiesListViewController.xib; sourceTree = "<group>"; };
		C7DD634C26A249B700ACA3A8 /* ViewLifeCycleProtocol.swift */ = {isa = PBXFileReference; lastKnownFileType = sourcecode.swift; path = ViewLifeCycleProtocol.swift; sourceTree = "<group>"; };
/* End PBXFileReference section */

/* Begin PBXFrameworksBuildPhase section */
		C7DD62DF26A1E33700ACA3A8 /* Frameworks */ = {
			isa = PBXFrameworksBuildPhase;
			buildActionMask = 2147483647;
			files = (
				31382E702D0C4C4BFAB35CF2 /* libPods-PlanRadar-Task.a in Frameworks */,
			);
			runOnlyForDeploymentPostprocessing = 0;
		};
		C7DD62F526A1E33900ACA3A8 /* Frameworks */ = {
			isa = PBXFrameworksBuildPhase;
			buildActionMask = 2147483647;
			files = (
				A221E47DA8AFA991B7530424 /* libPods-PlanRadar-TaskTests.a in Frameworks */,
			);
			runOnlyForDeploymentPostprocessing = 0;
		};
		C7DD630026A1E33900ACA3A8 /* Frameworks */ = {
			isa = PBXFrameworksBuildPhase;
			buildActionMask = 2147483647;
			files = (
			);
			runOnlyForDeploymentPostprocessing = 0;
		};
/* End PBXFrameworksBuildPhase section */

/* Begin PBXGroup section */
		53919D622815D9ECC14B73A9 /* Frameworks */ = {
			isa = PBXGroup;
			children = (
				5EBCEB3E9BB6E23AA9933A24 /* libPods-PlanRadar-Task.a */,
				370E6CCD9D1383D070B0D62A /* libPods-PlanRadar-TaskTests.a */,
			);
			name = Frameworks;
			sourceTree = "<group>";
		};
		6FF5133B2693368F97161015 /* Pods */ = {
			isa = PBXGroup;
			children = (
				969753BA5C5081ABDA5179BC /* Pods-PlanRadar-Task.debug.xcconfig */,
				1C3ABF436BCF6B50E68C9006 /* Pods-PlanRadar-Task.release.xcconfig */,
				722B7ED9BFEA9EAEB2B4FA10 /* Pods-PlanRadar-TaskTests.debug.xcconfig */,
				66F29FC28504842849A4BCCE /* Pods-PlanRadar-TaskTests.release.xcconfig */,
			);
			path = Pods;
			sourceTree = "<group>";
		};
		C793C3F426A32544008DAAB8 /* RootRouter */ = {
			isa = PBXGroup;
			children = (
				C793C3F526A32557008DAAB8 /* RootRouter.swift */,
			);
			path = RootRouter;
			sourceTree = "<group>";
		};
		C793C3F726A3341E008DAAB8 /* Network */ = {
			isa = PBXGroup;
			children = (
				C793C3FD26A36C05008DAAB8 /* APIClient */,
				C793C3FC26A36BFA008DAAB8 /* Request */,
				C793C3F826A33445008DAAB8 /* PlanRadar-Task-Bridging-Header.h */,
			);
			path = Network;
			sourceTree = "<group>";
		};
		C793C3FC26A36BFA008DAAB8 /* Request */ = {
			isa = PBXGroup;
			children = (
				C793C3FE26A36C17008DAAB8 /* Request.swift */,
			);
			path = Request;
			sourceTree = "<group>";
		};
		C793C3FD26A36C05008DAAB8 /* APIClient */ = {
			isa = PBXGroup;
			children = (
				C793C3F926A33445008DAAB8 /* APIClient.h */,
				C793C3FA26A33445008DAAB8 /* APIClient.m */,
			);
			path = APIClient;
			sourceTree = "<group>";
		};
		C793C40026A384D7008DAAB8 /* Request */ = {
			isa = PBXGroup;
			children = (
				C793C40126A384E7008DAAB8 /* CitiesRequest.swift */,
			);
			path = Request;
			sourceTree = "<group>";
		};
		C79E6A3E26A3AEF400A1A994 /* Model */ = {
			isa = PBXGroup;
			children = (
				C79E6A3F26A3AF0300A1A994 /* WeatherResponse.swift */,
				C79E6A4126A3AF1300A1A994 /* Weather.swift */,
				C79E6A4326A3AF1D00A1A994 /* Main.swift */,
				C79E6A4526A3AF2600A1A994 /* Wind.swift */,
			);
			path = Model;
			sourceTree = "<group>";
		};
		C79E6A4726A46C2E00A1A994 /* Cell */ = {
			isa = PBXGroup;
			children = (
				C79E6A4826A46C5E00A1A994 /* CityTableViewCell.swift */,
				C79E6A4926A46C5E00A1A994 /* CityTableViewCell.xib */,
			);
			path = Cell;
			sourceTree = "<group>";
		};
		C79E6A4C26AC36DB00A1A994 /* LoadingIndicator */ = {
			isa = PBXGroup;
			children = (
				C79E6A4D26AC370A00A1A994 /* LoadingIndicator.swift */,
			);
			path = LoadingIndicator;
			sourceTree = "<group>";
		};
		C79E6A4F26AC3FB300A1A994 /* Cities */ = {
			isa = PBXGroup;
			children = (
				C7B3D1DF26AC528D00E1C70A /* Repository */,
				C79E6A5126AC3FCE00A1A994 /* Details */,
				C79E6A5026AC3FC100A1A994 /* List */,
			);
			path = Cities;
			sourceTree = "<group>";
		};
		C79E6A5026AC3FC100A1A994 /* List */ = {
			isa = PBXGroup;
			children = (
				C7B3D1DD26AC501500E1C70A /* CitiesListViewModelTest.swift */,
			);
			path = List;
			sourceTree = "<group>";
		};
		C79E6A5126AC3FCE00A1A994 /* Details */ = {
			isa = PBXGroup;
			children = (
			);
			path = Details;
			sourceTree = "<group>";
		};
		C7B3D1DF26AC528D00E1C70A /* Repository */ = {
			isa = PBXGroup;
			children = (
				C7B3D1E026AC52A200E1C70A /* CitiesRepositoryMock.swift */,
			);
			path = Repository;
			sourceTree = "<group>";
		};
		C7DD62D926A1E33700ACA3A8 = {
			isa = PBXGroup;
			children = (
				C7DD62E426A1E33700ACA3A8 /* PlanRadar-Task */,
				C7DD62FB26A1E33900ACA3A8 /* PlanRadar-TaskTests */,
				C7DD630626A1E33900ACA3A8 /* PlanRadar-TaskUITests */,
				C7DD62E326A1E33700ACA3A8 /* Products */,
				6FF5133B2693368F97161015 /* Pods */,
				53919D622815D9ECC14B73A9 /* Frameworks */,
			);
			sourceTree = "<group>";
		};
		C7DD62E326A1E33700ACA3A8 /* Products */ = {
			isa = PBXGroup;
			children = (
				C7DD62E226A1E33700ACA3A8 /* PlanRadar-Task.app */,
				C7DD62F826A1E33900ACA3A8 /* PlanRadar-TaskTests.xctest */,
				C7DD630326A1E33900ACA3A8 /* PlanRadar-TaskUITests.xctest */,
			);
			name = Products;
			sourceTree = "<group>";
		};
		C7DD62E426A1E33700ACA3A8 /* PlanRadar-Task */ = {
			isa = PBXGroup;
			children = (
				C7DD631526A21F3400ACA3A8 /* App */,
				C7DD631726A224EA00ACA3A8 /* Modules */,
				C7DD632126A226A600ACA3A8 /* Core */,
				C7DD62E926A1E33700ACA3A8 /* ViewController.swift */,
				C7DD62EB26A1E33700ACA3A8 /* Main.storyboard */,
				C7DD62EE26A1E33900ACA3A8 /* Assets.xcassets */,
				C7DD62F026A1E33900ACA3A8 /* LaunchScreen.storyboard */,
				C7DD62F326A1E33900ACA3A8 /* Info.plist */,
			);
			path = "PlanRadar-Task";
			sourceTree = "<group>";
		};
		C7DD62FB26A1E33900ACA3A8 /* PlanRadar-TaskTests */ = {
			isa = PBXGroup;
			children = (
				C79E6A4F26AC3FB300A1A994 /* Cities */,
				C7DD62FC26A1E33900ACA3A8 /* PlanRadar_TaskTests.swift */,
				C7DD62FE26A1E33900ACA3A8 /* Info.plist */,
			);
			path = "PlanRadar-TaskTests";
			sourceTree = "<group>";
		};
		C7DD630626A1E33900ACA3A8 /* PlanRadar-TaskUITests */ = {
			isa = PBXGroup;
			children = (
				C7DD630726A1E33900ACA3A8 /* PlanRadar_TaskUITests.swift */,
				C7DD630926A1E33900ACA3A8 /* Info.plist */,
			);
			path = "PlanRadar-TaskUITests";
			sourceTree = "<group>";
		};
		C7DD631526A21F3400ACA3A8 /* App */ = {
			isa = PBXGroup;
			children = (
				C7DD62E526A1E33700ACA3A8 /* AppDelegate.swift */,
			);
			path = App;
			sourceTree = "<group>";
		};
		C7DD631726A224EA00ACA3A8 /* Modules */ = {
			isa = PBXGroup;
			children = (
				C7DD631C26A2254700ACA3A8 /* Cities */,
			);
			path = Modules;
			sourceTree = "<group>";
		};
		C7DD631826A224F900ACA3A8 /* List */ = {
			isa = PBXGroup;
			children = (
				C7DD632C26A22D6C00ACA3A8 /* View */,
				C7DD632D26A22D7900ACA3A8 /* Controller */,
				C7DD633E26A231C600ACA3A8 /* ViewModel */,
			);
			path = List;
			sourceTree = "<group>";
		};
		C7DD631926A224FE00ACA3A8 /* Details */ = {
			isa = PBXGroup;
			children = (
				C7DD633926A2314D00ACA3A8 /* View */,
				C7DD633026A22D8B00ACA3A8 /* Controller */,
				C7DD634126A231E600ACA3A8 /* ViewModel */,
			);
			path = Details;
			sourceTree = "<group>";
		};
		C7DD631A26A2250800ACA3A8 /* Router */ = {
			isa = PBXGroup;
			children = (
				C7DD631D26A2256100ACA3A8 /* CitiesRouter.swift */,
			);
			path = Router;
			sourceTree = "<group>";
		};
		C7DD631B26A2251000ACA3A8 /* Configurator */ = {
			isa = PBXGroup;
			children = (
				C7DD631F26A2257100ACA3A8 /* CitiesConfigurator.swift */,
			);
			path = Configurator;
			sourceTree = "<group>";
		};
		C7DD631C26A2254700ACA3A8 /* Cities */ = {
			isa = PBXGroup;
			children = (
				C7DD631A26A2250800ACA3A8 /* Router */,
				C7DD631B26A2251000ACA3A8 /* Configurator */,
				C7DD634426A2424F00ACA3A8 /* Repository */,
				C793C40026A384D7008DAAB8 /* Request */,
				C79E6A3E26A3AEF400A1A994 /* Model */,
				C7DD631826A224F900ACA3A8 /* List */,
				C7DD631926A224FE00ACA3A8 /* Details */,
			);
			path = Cities;
			sourceTree = "<group>";
		};
		C7DD632126A226A600ACA3A8 /* Core */ = {
			isa = PBXGroup;
			children = (
				C793C3F726A3341E008DAAB8 /* Network */,
				C793C3F426A32544008DAAB8 /* RootRouter */,
				C7DD632326A226B500ACA3A8 /* Protocols */,
			);
			path = Core;
			sourceTree = "<group>";
		};
		C7DD632226A226AC00ACA3A8 /* Router */ = {
			isa = PBXGroup;
			children = (
				C7DD632726A226EA00ACA3A8 /* Router.swift */,
			);
			path = Router;
			sourceTree = "<group>";
		};
		C7DD632326A226B500ACA3A8 /* Protocols */ = {
			isa = PBXGroup;
			children = (
				C79E6A4C26AC36DB00A1A994 /* LoadingIndicator */,
				C7DD634B26A2498900ACA3A8 /* ViewLifeCycleProtocol */,
				C7DD632926A2272F00ACA3A8 /* NavigationRoute */,
				C7DD632426A226C300ACA3A8 /* Configurator */,
				C7DD632226A226AC00ACA3A8 /* Router */,
			);
			path = Protocols;
			sourceTree = "<group>";
		};
		C7DD632426A226C300ACA3A8 /* Configurator */ = {
			isa = PBXGroup;
			children = (
				C7DD632526A226E100ACA3A8 /* Configurator.swift */,
			);
			path = Configurator;
			sourceTree = "<group>";
		};
		C7DD632926A2272F00ACA3A8 /* NavigationRoute */ = {
			isa = PBXGroup;
			children = (
				C7DD632A26A2274600ACA3A8 /* NavigationRoute.swift */,
			);
			path = NavigationRoute;
			sourceTree = "<group>";
		};
		C7DD632C26A22D6C00ACA3A8 /* View */ = {
			isa = PBXGroup;
			children = (
				C79E6A4726A46C2E00A1A994 /* Cell */,
				C7DD634826A244E700ACA3A8 /* CitiesListViewController.xib */,
			);
			path = View;
			sourceTree = "<group>";
		};
		C7DD632D26A22D7900ACA3A8 /* Controller */ = {
			isa = PBXGroup;
			children = (
				C7DD634726A244E700ACA3A8 /* CitiesListViewController.swift */,
			);
			path = Controller;
			sourceTree = "<group>";
		};
		C7DD633026A22D8B00ACA3A8 /* Controller */ = {
			isa = PBXGroup;
			children = (
				C7DD633A26A2316600ACA3A8 /* CityDetailsViewController.swift */,
			);
			path = Controller;
			sourceTree = "<group>";
		};
		C7DD633926A2314D00ACA3A8 /* View */ = {
			isa = PBXGroup;
			children = (
				C7DD633B26A2316600ACA3A8 /* CityDetailsViewController.xib */,
			);
			path = View;
			sourceTree = "<group>";
		};
		C7DD633E26A231C600ACA3A8 /* ViewModel */ = {
			isa = PBXGroup;
			children = (
				C7DD633F26A231DB00ACA3A8 /* CitiesListViewModel.swift */,
			);
			path = ViewModel;
			sourceTree = "<group>";
		};
		C7DD634126A231E600ACA3A8 /* ViewModel */ = {
			isa = PBXGroup;
			children = (
				C7DD634226A231FB00ACA3A8 /* CityDetailsViewModel.swift */,
			);
			path = ViewModel;
			sourceTree = "<group>";
		};
		C7DD634426A2424F00ACA3A8 /* Repository */ = {
			isa = PBXGroup;
			children = (
				C7DD634526A2428400ACA3A8 /* CitiesRepository.swift */,
			);
			path = Repository;
			sourceTree = "<group>";
		};
		C7DD634B26A2498900ACA3A8 /* ViewLifeCycleProtocol */ = {
			isa = PBXGroup;
			children = (
				C7DD634C26A249B700ACA3A8 /* ViewLifeCycleProtocol.swift */,
			);
			path = ViewLifeCycleProtocol;
			sourceTree = "<group>";
		};
/* End PBXGroup section */

/* Begin PBXNativeTarget section */
		C7DD62E126A1E33700ACA3A8 /* PlanRadar-Task */ = {
			isa = PBXNativeTarget;
			buildConfigurationList = C7DD630C26A1E33900ACA3A8 /* Build configuration list for PBXNativeTarget "PlanRadar-Task" */;
			buildPhases = (
				4280DA9E50D1D2CA3213F9B4 /* [CP] Check Pods Manifest.lock */,
				C7DD62DE26A1E33700ACA3A8 /* Sources */,
				C7DD62DF26A1E33700ACA3A8 /* Frameworks */,
				C7DD62E026A1E33700ACA3A8 /* Resources */,
				6DAE7B4E79ED16C97BE1E0B5 /* [CP] Copy Pods Resources */,
			);
			buildRules = (
			);
			dependencies = (
			);
			name = "PlanRadar-Task";
			productName = "PlanRadar-Task";
			productReference = C7DD62E226A1E33700ACA3A8 /* PlanRadar-Task.app */;
			productType = "com.apple.product-type.application";
		};
		C7DD62F726A1E33900ACA3A8 /* PlanRadar-TaskTests */ = {
			isa = PBXNativeTarget;
			buildConfigurationList = C7DD630F26A1E33900ACA3A8 /* Build configuration list for PBXNativeTarget "PlanRadar-TaskTests" */;
			buildPhases = (
				49088DEA28D36437C9719DFF /* [CP] Check Pods Manifest.lock */,
				C7DD62F426A1E33900ACA3A8 /* Sources */,
				C7DD62F526A1E33900ACA3A8 /* Frameworks */,
				C7DD62F626A1E33900ACA3A8 /* Resources */,
				B92FDCF8870B3E3309A3A94A /* [CP] Copy Pods Resources */,
			);
			buildRules = (
			);
			dependencies = (
				C7DD62FA26A1E33900ACA3A8 /* PBXTargetDependency */,
			);
			name = "PlanRadar-TaskTests";
			productName = "PlanRadar-TaskTests";
			productReference = C7DD62F826A1E33900ACA3A8 /* PlanRadar-TaskTests.xctest */;
			productType = "com.apple.product-type.bundle.unit-test";
		};
		C7DD630226A1E33900ACA3A8 /* PlanRadar-TaskUITests */ = {
			isa = PBXNativeTarget;
			buildConfigurationList = C7DD631226A1E33900ACA3A8 /* Build configuration list for PBXNativeTarget "PlanRadar-TaskUITests" */;
			buildPhases = (
				C7DD62FF26A1E33900ACA3A8 /* Sources */,
				C7DD630026A1E33900ACA3A8 /* Frameworks */,
				C7DD630126A1E33900ACA3A8 /* Resources */,
			);
			buildRules = (
			);
			dependencies = (
				C7DD630526A1E33900ACA3A8 /* PBXTargetDependency */,
			);
			name = "PlanRadar-TaskUITests";
			productName = "PlanRadar-TaskUITests";
			productReference = C7DD630326A1E33900ACA3A8 /* PlanRadar-TaskUITests.xctest */;
			productType = "com.apple.product-type.bundle.ui-testing";
		};
/* End PBXNativeTarget section */

/* Begin PBXProject section */
		C7DD62DA26A1E33700ACA3A8 /* Project object */ = {
			isa = PBXProject;
			attributes = {
				LastSwiftUpdateCheck = 1250;
				LastUpgradeCheck = 1250;
				TargetAttributes = {
					C7DD62E126A1E33700ACA3A8 = {
						CreatedOnToolsVersion = 12.5.1;
						LastSwiftMigration = 1250;
					};
					C7DD62F726A1E33900ACA3A8 = {
						CreatedOnToolsVersion = 12.5.1;
						TestTargetID = C7DD62E126A1E33700ACA3A8;
					};
					C7DD630226A1E33900ACA3A8 = {
						CreatedOnToolsVersion = 12.5.1;
						TestTargetID = C7DD62E126A1E33700ACA3A8;
					};
				};
			};
			buildConfigurationList = C7DD62DD26A1E33700ACA3A8 /* Build configuration list for PBXProject "PlanRadar-Task" */;
			compatibilityVersion = "Xcode 9.3";
			developmentRegion = en;
			hasScannedForEncodings = 0;
			knownRegions = (
				en,
				Base,
			);
			mainGroup = C7DD62D926A1E33700ACA3A8;
			productRefGroup = C7DD62E326A1E33700ACA3A8 /* Products */;
			projectDirPath = "";
			projectRoot = "";
			targets = (
				C7DD62E126A1E33700ACA3A8 /* PlanRadar-Task */,
				C7DD62F726A1E33900ACA3A8 /* PlanRadar-TaskTests */,
				C7DD630226A1E33900ACA3A8 /* PlanRadar-TaskUITests */,
			);
		};
/* End PBXProject section */

/* Begin PBXResourcesBuildPhase section */
		C7DD62E026A1E33700ACA3A8 /* Resources */ = {
			isa = PBXResourcesBuildPhase;
			buildActionMask = 2147483647;
			files = (
				C7DD634A26A244E700ACA3A8 /* CitiesListViewController.xib in Resources */,
				C7DD62F226A1E33900ACA3A8 /* LaunchScreen.storyboard in Resources */,
				C7DD62EF26A1E33900ACA3A8 /* Assets.xcassets in Resources */,
				C7DD633D26A2316600ACA3A8 /* CityDetailsViewController.xib in Resources */,
				C79E6A4B26A46C5F00A1A994 /* CityTableViewCell.xib in Resources */,
				C7DD62ED26A1E33700ACA3A8 /* Main.storyboard in Resources */,
			);
			runOnlyForDeploymentPostprocessing = 0;
		};
		C7DD62F626A1E33900ACA3A8 /* Resources */ = {
			isa = PBXResourcesBuildPhase;
			buildActionMask = 2147483647;
			files = (
			);
			runOnlyForDeploymentPostprocessing = 0;
		};
		C7DD630126A1E33900ACA3A8 /* Resources */ = {
			isa = PBXResourcesBuildPhase;
			buildActionMask = 2147483647;
			files = (
			);
			runOnlyForDeploymentPostprocessing = 0;
		};
/* End PBXResourcesBuildPhase section */

/* Begin PBXShellScriptBuildPhase section */
		4280DA9E50D1D2CA3213F9B4 /* [CP] Check Pods Manifest.lock */ = {
			isa = PBXShellScriptBuildPhase;
			buildActionMask = 2147483647;
			files = (
			);
			inputFileListPaths = (
			);
			inputPaths = (
				"${PODS_PODFILE_DIR_PATH}/Podfile.lock",
				"${PODS_ROOT}/Manifest.lock",
			);
			name = "[CP] Check Pods Manifest.lock";
			outputFileListPaths = (
			);
			outputPaths = (
				"$(DERIVED_FILE_DIR)/Pods-PlanRadar-Task-checkManifestLockResult.txt",
			);
			runOnlyForDeploymentPostprocessing = 0;
			shellPath = /bin/sh;
			shellScript = "diff \"${PODS_PODFILE_DIR_PATH}/Podfile.lock\" \"${PODS_ROOT}/Manifest.lock\" > /dev/null\nif [ $? != 0 ] ; then\n    # print error to STDERR\n    echo \"error: The sandbox is not in sync with the Podfile.lock. Run 'pod install' or update your CocoaPods installation.\" >&2\n    exit 1\nfi\n# This output is used by Xcode 'outputs' to avoid re-running this script phase.\necho \"SUCCESS\" > \"${SCRIPT_OUTPUT_FILE_0}\"\n";
			showEnvVarsInLog = 0;
		};
		49088DEA28D36437C9719DFF /* [CP] Check Pods Manifest.lock */ = {
			isa = PBXShellScriptBuildPhase;
			buildActionMask = 2147483647;
			files = (
			);
			inputFileListPaths = (
			);
			inputPaths = (
				"${PODS_PODFILE_DIR_PATH}/Podfile.lock",
				"${PODS_ROOT}/Manifest.lock",
			);
			name = "[CP] Check Pods Manifest.lock";
			outputFileListPaths = (
			);
			outputPaths = (
				"$(DERIVED_FILE_DIR)/Pods-PlanRadar-TaskTests-checkManifestLockResult.txt",
			);
			runOnlyForDeploymentPostprocessing = 0;
			shellPath = /bin/sh;
			shellScript = "diff \"${PODS_PODFILE_DIR_PATH}/Podfile.lock\" \"${PODS_ROOT}/Manifest.lock\" > /dev/null\nif [ $? != 0 ] ; then\n    # print error to STDERR\n    echo \"error: The sandbox is not in sync with the Podfile.lock. Run 'pod install' or update your CocoaPods installation.\" >&2\n    exit 1\nfi\n# This output is used by Xcode 'outputs' to avoid re-running this script phase.\necho \"SUCCESS\" > \"${SCRIPT_OUTPUT_FILE_0}\"\n";
			showEnvVarsInLog = 0;
		};
		6DAE7B4E79ED16C97BE1E0B5 /* [CP] Copy Pods Resources */ = {
			isa = PBXShellScriptBuildPhase;
			buildActionMask = 2147483647;
			files = (
			);
			inputFileListPaths = (
				"${PODS_ROOT}/Target Support Files/Pods-PlanRadar-Task/Pods-PlanRadar-Task-resources-${CONFIGURATION}-input-files.xcfilelist",
			);
			name = "[CP] Copy Pods Resources";
			outputFileListPaths = (
				"${PODS_ROOT}/Target Support Files/Pods-PlanRadar-Task/Pods-PlanRadar-Task-resources-${CONFIGURATION}-output-files.xcfilelist",
			);
			runOnlyForDeploymentPostprocessing = 0;
			shellPath = /bin/sh;
			shellScript = "\"${PODS_ROOT}/Target Support Files/Pods-PlanRadar-Task/Pods-PlanRadar-Task-resources.sh\"\n";
			showEnvVarsInLog = 0;
		};
		B92FDCF8870B3E3309A3A94A /* [CP] Copy Pods Resources */ = {
			isa = PBXShellScriptBuildPhase;
			buildActionMask = 2147483647;
			files = (
			);
			inputFileListPaths = (
				"${PODS_ROOT}/Target Support Files/Pods-PlanRadar-TaskTests/Pods-PlanRadar-TaskTests-resources-${CONFIGURATION}-input-files.xcfilelist",
			);
			name = "[CP] Copy Pods Resources";
			outputFileListPaths = (
				"${PODS_ROOT}/Target Support Files/Pods-PlanRadar-TaskTests/Pods-PlanRadar-TaskTests-resources-${CONFIGURATION}-output-files.xcfilelist",
			);
			runOnlyForDeploymentPostprocessing = 0;
			shellPath = /bin/sh;
			shellScript = "\"${PODS_ROOT}/Target Support Files/Pods-PlanRadar-TaskTests/Pods-PlanRadar-TaskTests-resources.sh\"\n";
			showEnvVarsInLog = 0;
		};
/* End PBXShellScriptBuildPhase section */

/* Begin PBXSourcesBuildPhase section */
		C7DD62DE26A1E33700ACA3A8 /* Sources */ = {
			isa = PBXSourcesBuildPhase;
			buildActionMask = 2147483647;
			files = (
				C79E6A4E26AC370A00A1A994 /* LoadingIndicator.swift in Sources */,
				C7DD634326A231FB00ACA3A8 /* CityDetailsViewModel.swift in Sources */,
				C793C3FF26A36C17008DAAB8 /* Request.swift in Sources */,
				C793C3F626A32557008DAAB8 /* RootRouter.swift in Sources */,
				C7DD62EA26A1E33700ACA3A8 /* ViewController.swift in Sources */,
				C79E6A4226A3AF1300A1A994 /* Weather.swift in Sources */,
				C793C40226A384E7008DAAB8 /* CitiesRequest.swift in Sources */,
				C7DD634026A231DB00ACA3A8 /* CitiesListViewModel.swift in Sources */,
				C7DD634626A2428400ACA3A8 /* CitiesRepository.swift in Sources */,
				C7DD632026A2257100ACA3A8 /* CitiesConfigurator.swift in Sources */,
				C7DD633C26A2316600ACA3A8 /* CityDetailsViewController.swift in Sources */,
				C79E6A4A26A46C5F00A1A994 /* CityTableViewCell.swift in Sources */,
				C7DD62E626A1E33700ACA3A8 /* AppDelegate.swift in Sources */,
				C7DD632826A226EA00ACA3A8 /* Router.swift in Sources */,
				C79E6A4426A3AF1D00A1A994 /* Main.swift in Sources */,
				C7DD632626A226E100ACA3A8 /* Configurator.swift in Sources */,
				C79E6A4626A3AF2600A1A994 /* Wind.swift in Sources */,
				C793C3FB26A33445008DAAB8 /* APIClient.m in Sources */,
				C79E6A4026A3AF0300A1A994 /* WeatherResponse.swift in Sources */,
				C7DD631E26A2256100ACA3A8 /* CitiesRouter.swift in Sources */,
				C7DD634D26A249B700ACA3A8 /* ViewLifeCycleProtocol.swift in Sources */,
				C7DD632B26A2274600ACA3A8 /* NavigationRoute.swift in Sources */,
				C7DD634926A244E700ACA3A8 /* CitiesListViewController.swift in Sources */,
			);
			runOnlyForDeploymentPostprocessing = 0;
		};
		C7DD62F426A1E33900ACA3A8 /* Sources */ = {
			isa = PBXSourcesBuildPhase;
			buildActionMask = 2147483647;
			files = (
				C7B3D1E126AC52A200E1C70A /* CitiesRepositoryMock.swift in Sources */,
				C7DD62FD26A1E33900ACA3A8 /* PlanRadar_TaskTests.swift in Sources */,
				C7B3D1DE26AC501500E1C70A /* CitiesListViewModelTest.swift in Sources */,
			);
			runOnlyForDeploymentPostprocessing = 0;
		};
		C7DD62FF26A1E33900ACA3A8 /* Sources */ = {
			isa = PBXSourcesBuildPhase;
			buildActionMask = 2147483647;
			files = (
				C7DD630826A1E33900ACA3A8 /* PlanRadar_TaskUITests.swift in Sources */,
			);
			runOnlyForDeploymentPostprocessing = 0;
		};
/* End PBXSourcesBuildPhase section */

/* Begin PBXTargetDependency section */
		C7DD62FA26A1E33900ACA3A8 /* PBXTargetDependency */ = {
			isa = PBXTargetDependency;
			target = C7DD62E126A1E33700ACA3A8 /* PlanRadar-Task */;
			targetProxy = C7DD62F926A1E33900ACA3A8 /* PBXContainerItemProxy */;
		};
		C7DD630526A1E33900ACA3A8 /* PBXTargetDependency */ = {
			isa = PBXTargetDependency;
			target = C7DD62E126A1E33700ACA3A8 /* PlanRadar-Task */;
			targetProxy = C7DD630426A1E33900ACA3A8 /* PBXContainerItemProxy */;
		};
/* End PBXTargetDependency section */

/* Begin PBXVariantGroup section */
		C7DD62EB26A1E33700ACA3A8 /* Main.storyboard */ = {
			isa = PBXVariantGroup;
			children = (
				C7DD62EC26A1E33700ACA3A8 /* Base */,
			);
			name = Main.storyboard;
			sourceTree = "<group>";
		};
		C7DD62F026A1E33900ACA3A8 /* LaunchScreen.storyboard */ = {
			isa = PBXVariantGroup;
			children = (
				C7DD62F126A1E33900ACA3A8 /* Base */,
			);
			name = LaunchScreen.storyboard;
			sourceTree = "<group>";
		};
/* End PBXVariantGroup section */

/* Begin XCBuildConfiguration section */
		C7DD630A26A1E33900ACA3A8 /* Debug */ = {
			isa = XCBuildConfiguration;
			buildSettings = {
				ALWAYS_SEARCH_USER_PATHS = NO;
				CLANG_ANALYZER_NONNULL = YES;
				CLANG_ANALYZER_NUMBER_OBJECT_CONVERSION = YES_AGGRESSIVE;
				CLANG_CXX_LANGUAGE_STANDARD = "gnu++14";
				CLANG_CXX_LIBRARY = "libc++";
				CLANG_ENABLE_MODULES = YES;
				CLANG_ENABLE_OBJC_ARC = YES;
				CLANG_ENABLE_OBJC_WEAK = YES;
				CLANG_WARN_BLOCK_CAPTURE_AUTORELEASING = YES;
				CLANG_WARN_BOOL_CONVERSION = YES;
				CLANG_WARN_COMMA = YES;
				CLANG_WARN_CONSTANT_CONVERSION = YES;
				CLANG_WARN_DEPRECATED_OBJC_IMPLEMENTATIONS = YES;
				CLANG_WARN_DIRECT_OBJC_ISA_USAGE = YES_ERROR;
				CLANG_WARN_DOCUMENTATION_COMMENTS = YES;
				CLANG_WARN_EMPTY_BODY = YES;
				CLANG_WARN_ENUM_CONVERSION = YES;
				CLANG_WARN_INFINITE_RECURSION = YES;
				CLANG_WARN_INT_CONVERSION = YES;
				CLANG_WARN_NON_LITERAL_NULL_CONVERSION = YES;
				CLANG_WARN_OBJC_IMPLICIT_RETAIN_SELF = YES;
				CLANG_WARN_OBJC_LITERAL_CONVERSION = YES;
				CLANG_WARN_OBJC_ROOT_CLASS = YES_ERROR;
				CLANG_WARN_QUOTED_INCLUDE_IN_FRAMEWORK_HEADER = YES;
				CLANG_WARN_RANGE_LOOP_ANALYSIS = YES;
				CLANG_WARN_STRICT_PROTOTYPES = YES;
				CLANG_WARN_SUSPICIOUS_MOVE = YES;
				CLANG_WARN_UNGUARDED_AVAILABILITY = YES_AGGRESSIVE;
				CLANG_WARN_UNREACHABLE_CODE = YES;
				CLANG_WARN__DUPLICATE_METHOD_MATCH = YES;
				COPY_PHASE_STRIP = NO;
				DEBUG_INFORMATION_FORMAT = dwarf;
				ENABLE_STRICT_OBJC_MSGSEND = YES;
				ENABLE_TESTABILITY = YES;
				GCC_C_LANGUAGE_STANDARD = gnu11;
				GCC_DYNAMIC_NO_PIC = NO;
				GCC_NO_COMMON_BLOCKS = YES;
				GCC_OPTIMIZATION_LEVEL = 0;
				GCC_PREPROCESSOR_DEFINITIONS = (
					"DEBUG=1",
					"$(inherited)",
				);
				GCC_WARN_64_TO_32_BIT_CONVERSION = YES;
				GCC_WARN_ABOUT_RETURN_TYPE = YES_ERROR;
				GCC_WARN_UNDECLARED_SELECTOR = YES;
				GCC_WARN_UNINITIALIZED_AUTOS = YES_AGGRESSIVE;
				GCC_WARN_UNUSED_FUNCTION = YES;
				GCC_WARN_UNUSED_VARIABLE = YES;
				IPHONEOS_DEPLOYMENT_TARGET = 14.5;
				MTL_ENABLE_DEBUG_INFO = INCLUDE_SOURCE;
				MTL_FAST_MATH = YES;
				ONLY_ACTIVE_ARCH = YES;
				SDKROOT = iphoneos;
				SWIFT_ACTIVE_COMPILATION_CONDITIONS = DEBUG;
				SWIFT_OPTIMIZATION_LEVEL = "-Onone";
			};
			name = Debug;
		};
		C7DD630B26A1E33900ACA3A8 /* Release */ = {
			isa = XCBuildConfiguration;
			buildSettings = {
				ALWAYS_SEARCH_USER_PATHS = NO;
				CLANG_ANALYZER_NONNULL = YES;
				CLANG_ANALYZER_NUMBER_OBJECT_CONVERSION = YES_AGGRESSIVE;
				CLANG_CXX_LANGUAGE_STANDARD = "gnu++14";
				CLANG_CXX_LIBRARY = "libc++";
				CLANG_ENABLE_MODULES = YES;
				CLANG_ENABLE_OBJC_ARC = YES;
				CLANG_ENABLE_OBJC_WEAK = YES;
				CLANG_WARN_BLOCK_CAPTURE_AUTORELEASING = YES;
				CLANG_WARN_BOOL_CONVERSION = YES;
				CLANG_WARN_COMMA = YES;
				CLANG_WARN_CONSTANT_CONVERSION = YES;
				CLANG_WARN_DEPRECATED_OBJC_IMPLEMENTATIONS = YES;
				CLANG_WARN_DIRECT_OBJC_ISA_USAGE = YES_ERROR;
				CLANG_WARN_DOCUMENTATION_COMMENTS = YES;
				CLANG_WARN_EMPTY_BODY = YES;
				CLANG_WARN_ENUM_CONVERSION = YES;
				CLANG_WARN_INFINITE_RECURSION = YES;
				CLANG_WARN_INT_CONVERSION = YES;
				CLANG_WARN_NON_LITERAL_NULL_CONVERSION = YES;
				CLANG_WARN_OBJC_IMPLICIT_RETAIN_SELF = YES;
				CLANG_WARN_OBJC_LITERAL_CONVERSION = YES;
				CLANG_WARN_OBJC_ROOT_CLASS = YES_ERROR;
				CLANG_WARN_QUOTED_INCLUDE_IN_FRAMEWORK_HEADER = YES;
				CLANG_WARN_RANGE_LOOP_ANALYSIS = YES;
				CLANG_WARN_STRICT_PROTOTYPES = YES;
				CLANG_WARN_SUSPICIOUS_MOVE = YES;
				CLANG_WARN_UNGUARDED_AVAILABILITY = YES_AGGRESSIVE;
				CLANG_WARN_UNREACHABLE_CODE = YES;
				CLANG_WARN__DUPLICATE_METHOD_MATCH = YES;
				COPY_PHASE_STRIP = NO;
				DEBUG_INFORMATION_FORMAT = "dwarf-with-dsym";
				ENABLE_NS_ASSERTIONS = NO;
				ENABLE_STRICT_OBJC_MSGSEND = YES;
				GCC_C_LANGUAGE_STANDARD = gnu11;
				GCC_NO_COMMON_BLOCKS = YES;
				GCC_WARN_64_TO_32_BIT_CONVERSION = YES;
				GCC_WARN_ABOUT_RETURN_TYPE = YES_ERROR;
				GCC_WARN_UNDECLARED_SELECTOR = YES;
				GCC_WARN_UNINITIALIZED_AUTOS = YES_AGGRESSIVE;
				GCC_WARN_UNUSED_FUNCTION = YES;
				GCC_WARN_UNUSED_VARIABLE = YES;
				IPHONEOS_DEPLOYMENT_TARGET = 14.5;
				MTL_ENABLE_DEBUG_INFO = NO;
				MTL_FAST_MATH = YES;
				SDKROOT = iphoneos;
				SWIFT_COMPILATION_MODE = wholemodule;
				SWIFT_OPTIMIZATION_LEVEL = "-O";
				VALIDATE_PRODUCT = YES;
			};
			name = Release;
		};
		C7DD630D26A1E33900ACA3A8 /* Debug */ = {
			isa = XCBuildConfiguration;
			baseConfigurationReference = 969753BA5C5081ABDA5179BC /* Pods-PlanRadar-Task.debug.xcconfig */;
			buildSettings = {
				ASSETCATALOG_COMPILER_APPICON_NAME = AppIcon;
				ASSETCATALOG_COMPILER_GLOBAL_ACCENT_COLOR_NAME = AccentColor;
				CLANG_ENABLE_MODULES = YES;
				CODE_SIGN_STYLE = Automatic;
				INFOPLIST_FILE = "PlanRadar-Task/Info.plist";
				LD_RUNPATH_SEARCH_PATHS = (
					"$(inherited)",
					"@executable_path/Frameworks",
				);
				PRODUCT_BUNDLE_IDENTIFIER = "com.fadyramzy.PlanRadar-Task";
				PRODUCT_NAME = "$(TARGET_NAME)";
				SWIFT_OBJC_BRIDGING_HEADER = "PlanRadar-Task/Core/Network/PlanRadar-Task-Bridging-Header.h";
				SWIFT_OPTIMIZATION_LEVEL = "-Onone";
				SWIFT_VERSION = 5.0;
				TARGETED_DEVICE_FAMILY = "1,2";
			};
			name = Debug;
		};
		C7DD630E26A1E33900ACA3A8 /* Release */ = {
			isa = XCBuildConfiguration;
			baseConfigurationReference = 1C3ABF436BCF6B50E68C9006 /* Pods-PlanRadar-Task.release.xcconfig */;
			buildSettings = {
				ASSETCATALOG_COMPILER_APPICON_NAME = AppIcon;
				ASSETCATALOG_COMPILER_GLOBAL_ACCENT_COLOR_NAME = AccentColor;
				CLANG_ENABLE_MODULES = YES;
				CODE_SIGN_STYLE = Automatic;
				INFOPLIST_FILE = "PlanRadar-Task/Info.plist";
				LD_RUNPATH_SEARCH_PATHS = (
					"$(inherited)",
					"@executable_path/Frameworks",
				);
				PRODUCT_BUNDLE_IDENTIFIER = "com.fadyramzy.PlanRadar-Task";
				PRODUCT_NAME = "$(TARGET_NAME)";
				SWIFT_OBJC_BRIDGING_HEADER = "PlanRadar-Task/Core/Network/PlanRadar-Task-Bridging-Header.h";
				SWIFT_VERSION = 5.0;
				TARGETED_DEVICE_FAMILY = "1,2";
			};
			name = Release;
		};
		C7DD631026A1E33900ACA3A8 /* Debug */ = {
			isa = XCBuildConfiguration;
			baseConfigurationReference = 722B7ED9BFEA9EAEB2B4FA10 /* Pods-PlanRadar-TaskTests.debug.xcconfig */;
			buildSettings = {
				ALWAYS_EMBED_SWIFT_STANDARD_LIBRARIES = YES;
				BUNDLE_LOADER = "$(TEST_HOST)";
				CODE_SIGN_STYLE = Automatic;
				INFOPLIST_FILE = "PlanRadar-TaskTests/Info.plist";
				IPHONEOS_DEPLOYMENT_TARGET = 14.5;
				LD_RUNPATH_SEARCH_PATHS = (
					"$(inherited)",
					"@executable_path/Frameworks",
					"@loader_path/Frameworks",
				);
				PRODUCT_BUNDLE_IDENTIFIER = "com.fadyramzy.PlanRadar-TaskTests";
				PRODUCT_NAME = "$(TARGET_NAME)";
				SWIFT_VERSION = 5.0;
				TARGETED_DEVICE_FAMILY = "1,2";
				TEST_HOST = "$(BUILT_PRODUCTS_DIR)/PlanRadar-Task.app/PlanRadar-Task";
			};
			name = Debug;
		};
		C7DD631126A1E33900ACA3A8 /* Release */ = {
			isa = XCBuildConfiguration;
			baseConfigurationReference = 66F29FC28504842849A4BCCE /* Pods-PlanRadar-TaskTests.release.xcconfig */;
			buildSettings = {
				ALWAYS_EMBED_SWIFT_STANDARD_LIBRARIES = YES;
				BUNDLE_LOADER = "$(TEST_HOST)";
				CODE_SIGN_STYLE = Automatic;
				INFOPLIST_FILE = "PlanRadar-TaskTests/Info.plist";
				IPHONEOS_DEPLOYMENT_TARGET = 14.5;
				LD_RUNPATH_SEARCH_PATHS = (
					"$(inherited)",
					"@executable_path/Frameworks",
					"@loader_path/Frameworks",
				);
				PRODUCT_BUNDLE_IDENTIFIER = "com.fadyramzy.PlanRadar-TaskTests";
				PRODUCT_NAME = "$(TARGET_NAME)";
				SWIFT_VERSION = 5.0;
				TARGETED_DEVICE_FAMILY = "1,2";
				TEST_HOST = "$(BUILT_PRODUCTS_DIR)/PlanRadar-Task.app/PlanRadar-Task";
			};
			name = Release;
		};
		C7DD631326A1E33900ACA3A8 /* Debug */ = {
			isa = XCBuildConfiguration;
			buildSettings = {
				ALWAYS_EMBED_SWIFT_STANDARD_LIBRARIES = YES;
				CODE_SIGN_STYLE = Automatic;
				INFOPLIST_FILE = "PlanRadar-TaskUITests/Info.plist";
				LD_RUNPATH_SEARCH_PATHS = (
					"$(inherited)",
					"@executable_path/Frameworks",
					"@loader_path/Frameworks",
				);
				PRODUCT_BUNDLE_IDENTIFIER = "com.fadyramzy.PlanRadar-TaskUITests";
				PRODUCT_NAME = "$(TARGET_NAME)";
				SWIFT_VERSION = 5.0;
				TARGETED_DEVICE_FAMILY = "1,2";
				TEST_TARGET_NAME = "PlanRadar-Task";
			};
			name = Debug;
		};
		C7DD631426A1E33900ACA3A8 /* Release */ = {
			isa = XCBuildConfiguration;
			buildSettings = {
				ALWAYS_EMBED_SWIFT_STANDARD_LIBRARIES = YES;
				CODE_SIGN_STYLE = Automatic;
				INFOPLIST_FILE = "PlanRadar-TaskUITests/Info.plist";
				LD_RUNPATH_SEARCH_PATHS = (
					"$(inherited)",
					"@executable_path/Frameworks",
					"@loader_path/Frameworks",
				);
				PRODUCT_BUNDLE_IDENTIFIER = "com.fadyramzy.PlanRadar-TaskUITests";
				PRODUCT_NAME = "$(TARGET_NAME)";
				SWIFT_VERSION = 5.0;
				TARGETED_DEVICE_FAMILY = "1,2";
				TEST_TARGET_NAME = "PlanRadar-Task";
			};
			name = Release;
		};
/* End XCBuildConfiguration section */

/* Begin XCConfigurationList section */
		C7DD62DD26A1E33700ACA3A8 /* Build configuration list for PBXProject "PlanRadar-Task" */ = {
			isa = XCConfigurationList;
			buildConfigurations = (
				C7DD630A26A1E33900ACA3A8 /* Debug */,
				C7DD630B26A1E33900ACA3A8 /* Release */,
			);
			defaultConfigurationIsVisible = 0;
			defaultConfigurationName = Release;
		};
		C7DD630C26A1E33900ACA3A8 /* Build configuration list for PBXNativeTarget "PlanRadar-Task" */ = {
			isa = XCConfigurationList;
			buildConfigurations = (
				C7DD630D26A1E33900ACA3A8 /* Debug */,
				C7DD630E26A1E33900ACA3A8 /* Release */,
			);
			defaultConfigurationIsVisible = 0;
			defaultConfigurationName = Release;
		};
		C7DD630F26A1E33900ACA3A8 /* Build configuration list for PBXNativeTarget "PlanRadar-TaskTests" */ = {
			isa = XCConfigurationList;
			buildConfigurations = (
				C7DD631026A1E33900ACA3A8 /* Debug */,
				C7DD631126A1E33900ACA3A8 /* Release */,
			);
			defaultConfigurationIsVisible = 0;
			defaultConfigurationName = Release;
		};
		C7DD631226A1E33900ACA3A8 /* Build configuration list for PBXNativeTarget "PlanRadar-TaskUITests" */ = {
			isa = XCConfigurationList;
			buildConfigurations = (
				C7DD631326A1E33900ACA3A8 /* Debug */,
				C7DD631426A1E33900ACA3A8 /* Release */,
			);
			defaultConfigurationIsVisible = 0;
			defaultConfigurationName = Release;
		};
/* End XCConfigurationList section */
	};
	rootObject = C7DD62DA26A1E33700ACA3A8 /* Project object */;
}
